
Microsoft Visual Studio Solution File, Format Version 12.00
# Visual Studio Version 18
VisualStudioVersion = 18.3.11218.70
MinimumVisualStudioVersion = 10.0.40219.1
Project("{FAE04EC0-301F-11D3-BF4B-00C04F79EFBC}") = "PhotoApp.Api", "PhotoApp.Api\PhotoApp.Api.csproj", "{9EC0EAFD-D98A-4861-8841-B73A018A7D7E}"
EndProject
Project("{FAE04EC0-301F-11D3-BF4B-00C04F79EFBC}") = "PhotoApp.Common", "PhotoApp.Common\PhotoApp.Common.csproj", "{8B087342-6A2E-48A8-B5E1-1A8C193E8A08}"
EndProject
Project("{FAE04EC0-301F-11D3-BF4B-00C04F79EFBC}") = "PhotoApp.Front", "PhotoApp.Front\PhotoApp.Front\PhotoApp.Front.csproj", "{CD8EF886-F8CD-C6C8-C0D4-48CBDF38702D}"
EndProject
Project("{FAE04EC0-301F-11D3-BF4B-00C04F79EFBC}") = "PhotoApp.Front.Client", "PhotoApp.Front\PhotoApp.Front.Client\PhotoApp.Front.Client.csproj", "{DE9039B1-D2E5-6B1E-0FB1-6F77A4E814D3}"
EndProject
Project("{FAE04EC0-301F-11D3-BF4B-00C04F79EFBC}") = "PhotoApp.AppHost", "PhotoApp.AppHost\PhotoApp.AppHost.csproj", "{7564E0AF-EFDA-4A08-B9D1-56E737E0BFBA}"
EndProject
Project("{FAE04EC0-301F-11D3-BF4B-00C04F79EFBC}") = "PhotoApp.ServiceDefaults", "PhotoApp.ServiceDefaults\PhotoApp.ServiceDefaults.csproj", "{6DCCEC71-AC27-0AE2-6341-D3F7AC99AC9A}"
EndProject
Global
	GlobalSection(SolutionConfigurationPlatforms) = preSolution
		Debug|Any CPU = Debug|Any CPU
		Release|Any CPU = Release|Any CPU
	EndGlobalSection
	GlobalSection(ProjectConfigurationPlatforms) = postSolution
		{9EC0EAFD-D98A-4861-8841-B73A018A7D7E}.Debug|Any CPU.ActiveCfg = Debug|Any CPU
		{9EC0EAFD-D98A-4861-8841-B73A018A7D7E}.Debug|Any CPU.Build.0 = Debug|Any CPU
		{9EC0EAFD-D98A-4861-8841-B73A018A7D7E}.Release|Any CPU.ActiveCfg = Release|Any CPU
		{9EC0EAFD-D98A-4861-8841-B73A018A7D7E}.Release|Any CPU.Build.0 = Release|Any CPU
		{8B087342-6A2E-48A8-B5E1-1A8C193E8A08}.Debug|Any CPU.ActiveCfg = Debug|Any CPU
		{8B087342-6A2E-48A8-B5E1-1A8C193E8A08}.Debug|Any CPU.Build.0 = Debug|Any CPU
		{8B087342-6A2E-48A8-B5E1-1A8C193E8A08}.Release|Any CPU.ActiveCfg = Release|Any CPU
		{8B087342-6A2E-48A8-B5E1-1A8C193E8A08}.Release|Any CPU.Build.0 = Release|Any CPU
		{CD8EF886-F8CD-C6C8-C0D4-48CBDF38702D}.Debug|Any CPU.ActiveCfg = Debug|Any CPU
		{CD8EF886-F8CD-C6C8-C0D4-48CBDF38702D}.Debug|Any CPU.Build.0 = Debug|Any CPU
		{CD8EF886-F8CD-C6C8-C0D4-48CBDF38702D}.Release|Any CPU.ActiveCfg = Release|Any CPU
		{CD8EF886-F8CD-C6C8-C0D4-48CBDF38702D}.Release|Any CPU.Build.0 = Release|Any CPU
		{DE9039B1-D2E5-6B1E-0FB1-6F77A4E814D3}.Debug|Any CPU.ActiveCfg = Debug|Any CPU
		{DE9039B1-D2E5-6B1E-0FB1-6F77A4E814D3}.Debug|Any CPU.Build.0 = Debug|Any CPU
		{DE9039B1-D2E5-6B1E-0FB1-6F77A4E814D3}.Release|Any CPU.ActiveCfg = Release|Any CPU
		{DE9039B1-D2E5-6B1E-0FB1-6F77A4E814D3}.Release|Any CPU.Build.0 = Release|Any CPU
		{7564E0AF-EFDA-4A08-B9D1-56E737E0BFBA}.Debug|Any CPU.ActiveCfg = Debug|Any CPU
		{7564E0AF-EFDA-4A08-B9D1-56E737E0BFBA}.Debug|Any CPU.Build.0 = Debug|Any CPU
		{7564E0AF-EFDA-4A08-B9D1-56E737E0BFBA}.Release|Any CPU.ActiveCfg = Release|Any CPU
		{7564E0AF-EFDA-4A08-B9D1-56E737E0BFBA}.Release|Any CPU.Build.0 = Release|Any CPU
		{6DCCEC71-AC27-0AE2-6341-D3F7AC99AC9A}.Debug|Any CPU.ActiveCfg = Debug|Any CPU
		{6DCCEC71-AC27-0AE2-6341-D3F7AC99AC9A}.Debug|Any CPU.Build.0 = Debug|Any CPU
		{6DCCEC71-AC27-0AE2-6341-D3F7AC99AC9A}.Release|Any CPU.ActiveCfg = Release|Any CPU
		{6DCCEC71-AC27-0AE2-6341-D3F7AC99AC9A}.Release|Any CPU.Build.0 = Release|Any CPU
	EndGlobalSection
	GlobalSection(SolutionProperties) = preSolution
		HideSolutionNode = FALSE
	EndGlobalSection
	GlobalSection(ExtensibilityGlobals) = postSolution
		SolutionGuid = {4897D744-E07C-4527-95A9-B27CA3F976BB}
	EndGlobalSection
EndGlobal
